
Microsoft Visual Studio Solution File, Format Version 12.00
# Visual Studio Version 16
VisualStudioVersion = 16.0.31911.196
MinimumVisualStudioVersion = 10.0.40219.1
Project("{9A19103F-16F7-4668-BE54-9A1E7A4F7556}") = "AwesomeNetwork", "AwesomeNetwork\AwesomeNetwork.csproj", "{45A1B1AC-A6DE-46C6-8444-5001F18F14B4}"
EndProject
Global
	GlobalSection(SolutionConfigurationPlatforms) = preSolution
		Debug|Any CPU = Debug|Any CPU
		Release|Any CPU = Release|Any CPU
	EndGlobalSection
	GlobalSection(ProjectConfigurationPlatforms) = postSolution
		{45A1B1AC-A6DE-46C6-8444-5001F18F14B4}.Debug|Any CPU.ActiveCfg = Debug|Any CPU
		{45A1B1AC-A6DE-46C6-8444-5001F18F14B4}.Debug|Any CPU.Build.0 = Debug|Any CPU
		{45A1B1AC-A6DE-46C6-8444-5001F18F14B4}.Release|Any CPU.ActiveCfg = Release|Any CPU
		{45A1B1AC-A6DE-46C6-8444-5001F18F14B4}.Release|Any CPU.Build.0 = Release|Any CPU
	EndGlobalSection
	GlobalSection(SolutionProperties) = preSolution
		HideSolutionNode = FALSE
	EndGlobalSection
	GlobalSection(ExtensibilityGlobals) = postSolution
		SolutionGuid = {B7D5FBB2-C1D4-4075-AC27-0AF79DFDDE35}
	EndGlobalSection
EndGlobal
